
Microsoft Visual Studio Solution File, Format Version 12.00
# Visual Studio 15
VisualStudioVersion = 15.0.27004.2002
MinimumVisualStudioVersion = 10.0.40219.1
Project("{FAE04EC0-301F-11D3-BF4B-00C04F79EFBC}") = "PSSC", "MS_Prj\PSSC.csproj", "{175C82B8-A1EB-4589-86B9-8EFAD7702B02}"
EndProject
Global
	GlobalSection(SolutionConfigurationPlatforms) = preSolution
		Debug|Any CPU = Debug|Any CPU
		Release|Any CPU = Release|Any CPU
	EndGlobalSection
	GlobalSection(ProjectConfigurationPlatforms) = postSolution
		{175C82B8-A1EB-4589-86B9-8EFAD7702B02}.Debug|Any CPU.ActiveCfg = Debug|Any CPU
		{175C82B8-A1EB-4589-86B9-8EFAD7702B02}.Debug|Any CPU.Build.0 = Debug|Any CPU
		{175C82B8-A1EB-4589-86B9-8EFAD7702B02}.Release|Any CPU.ActiveCfg = Release|Any CPU
		{175C82B8-A1EB-4589-86B9-8EFAD7702B02}.Release|Any CPU.Build.0 = Release|Any CPU
	EndGlobalSection
	GlobalSection(SolutionProperties) = preSolution
		HideSolutionNode = FALSE
	EndGlobalSection
	GlobalSection(ExtensibilityGlobals) = postSolution
		SolutionGuid = {347E1F39-0C66-4F2B-B0D3-B6E1D467B4FB}
	EndGlobalSection
EndGlobal
