
Microsoft Visual Studio Solution File, Format Version 12.00
# Visual Studio 14
VisualStudioVersion = 14.0.25420.1
MinimumVisualStudioVersion = 10.0.40219.1
Project("{FAE04EC0-301F-11D3-BF4B-00C04F79EFBC}") = "ConsoleApplication1", "ConsoleApplication1\ConsoleApplication1.csproj", "{D9459F52-72DA-4361-969B-23C94A4E570E}"
EndProject
Project("{2150E333-8FDC-42A3-9474-1A3956D46DE8}") = "Modele", "Modele", "{6C86396A-1B29-4099-BD6B-6EB9DB468DA5}"
EndProject
Project("{FAE04EC0-301F-11D3-BF4B-00C04F79EFBC}") = "Modele.Generic", "Modele.Generic\Modele.Generic.csproj", "{B7CA23A4-8F2C-47D3-B2CE-2A25DBC2B8C5}"
EndProject
Project("{FAE04EC0-301F-11D3-BF4B-00C04F79EFBC}") = "Modele.Depozit", "Modele.Depozit\Modele.Depozit.csproj", "{878CC3A5-1D89-46C6-997C-46699DBCFBBE}"
EndProject
Project("{2150E333-8FDC-42A3-9474-1A3956D46DE8}") = "Repositories", "Repositories", "{0B103652-9F7E-401C-9AB3-A62B10B65227}"
EndProject
Project("{FAE04EC0-301F-11D3-BF4B-00C04F79EFBC}") = "Repositories.Depozit", "IDepozitRepositories\Repositories.Depozit.csproj", "{5146009A-8CDE-4B60-B27A-7F32B79CAFE2}"
EndProject
Global
	GlobalSection(SolutionConfigurationPlatforms) = preSolution
		Debug|Any CPU = Debug|Any CPU
		Release|Any CPU = Release|Any CPU
	EndGlobalSection
	GlobalSection(ProjectConfigurationPlatforms) = postSolution
		{D9459F52-72DA-4361-969B-23C94A4E570E}.Debug|Any CPU.ActiveCfg = Debug|Any CPU
		{D9459F52-72DA-4361-969B-23C94A4E570E}.Debug|Any CPU.Build.0 = Debug|Any CPU
		{D9459F52-72DA-4361-969B-23C94A4E570E}.Release|Any CPU.ActiveCfg = Release|Any CPU
		{D9459F52-72DA-4361-969B-23C94A4E570E}.Release|Any CPU.Build.0 = Release|Any CPU
		{B7CA23A4-8F2C-47D3-B2CE-2A25DBC2B8C5}.Debug|Any CPU.ActiveCfg = Debug|Any CPU
		{B7CA23A4-8F2C-47D3-B2CE-2A25DBC2B8C5}.Debug|Any CPU.Build.0 = Debug|Any CPU
		{B7CA23A4-8F2C-47D3-B2CE-2A25DBC2B8C5}.Release|Any CPU.ActiveCfg = Release|Any CPU
		{B7CA23A4-8F2C-47D3-B2CE-2A25DBC2B8C5}.Release|Any CPU.Build.0 = Release|Any CPU
		{878CC3A5-1D89-46C6-997C-46699DBCFBBE}.Debug|Any CPU.ActiveCfg = Debug|Any CPU
		{878CC3A5-1D89-46C6-997C-46699DBCFBBE}.Debug|Any CPU.Build.0 = Debug|Any CPU
		{878CC3A5-1D89-46C6-997C-46699DBCFBBE}.Release|Any CPU.ActiveCfg = Release|Any CPU
		{878CC3A5-1D89-46C6-997C-46699DBCFBBE}.Release|Any CPU.Build.0 = Release|Any CPU
		{5146009A-8CDE-4B60-B27A-7F32B79CAFE2}.Debug|Any CPU.ActiveCfg = Debug|Any CPU
		{5146009A-8CDE-4B60-B27A-7F32B79CAFE2}.Debug|Any CPU.Build.0 = Debug|Any CPU
		{5146009A-8CDE-4B60-B27A-7F32B79CAFE2}.Release|Any CPU.ActiveCfg = Release|Any CPU
		{5146009A-8CDE-4B60-B27A-7F32B79CAFE2}.Release|Any CPU.Build.0 = Release|Any CPU
	EndGlobalSection
	GlobalSection(SolutionProperties) = preSolution
		HideSolutionNode = FALSE
	EndGlobalSection
	GlobalSection(NestedProjects) = preSolution
		{B7CA23A4-8F2C-47D3-B2CE-2A25DBC2B8C5} = {6C86396A-1B29-4099-BD6B-6EB9DB468DA5}
		{878CC3A5-1D89-46C6-997C-46699DBCFBBE} = {6C86396A-1B29-4099-BD6B-6EB9DB468DA5}
		{5146009A-8CDE-4B60-B27A-7F32B79CAFE2} = {0B103652-9F7E-401C-9AB3-A62B10B65227}
	EndGlobalSection
EndGlobal
