
Microsoft Visual Studio Solution File, Format Version 12.00
# Visual Studio 14
VisualStudioVersion = 14.0.25420.1
MinimumVisualStudioVersion = 10.0.40219.1
Project("{FAE04EC0-301F-11D3-BF4B-00C04F79EFBC}") = "Tema2PSSC", "Tema2PSSC\Tema2PSSC.csproj", "{0CD7E004-878C-481D-A235-98DDF366B5BA}"
EndProject
Project("{2150E333-8FDC-42A3-9474-1A3956D46DE8}") = "Infrastructura", "Infrastructura", "{AFF87D1C-0808-4829-91F7-2E47C22085D7}"
EndProject
Project("{2150E333-8FDC-42A3-9474-1A3956D46DE8}") = "Modele", "Modele", "{F239476F-88E2-4B1C-A75A-B341064E95E7}"
EndProject
Project("{2150E333-8FDC-42A3-9474-1A3956D46DE8}") = "Servicii", "Servicii", "{80C95CCE-D4A0-4E4F-9173-5D51228F89A3}"
EndProject
Project("{FAE04EC0-301F-11D3-BF4B-00C04F79EFBC}") = "Pdf", "Pdf\Pdf.csproj", "{007844BE-D5B7-405E-9C1C-83800D622E01}"
EndProject
Project("{FAE04EC0-301F-11D3-BF4B-00C04F79EFBC}") = "Modele.Angajat", "Modele.Angajat\Modele.Angajat.csproj", "{BA2049EA-0711-4AA1-A410-91BC69010029}"
EndProject
Project("{FAE04EC0-301F-11D3-BF4B-00C04F79EFBC}") = "Modele.Pacient", "Modele.Pacient\Modele.Pacient.csproj", "{C82ADBD8-5520-4A26-B17E-1A182744DA9D}"
EndProject
Project("{FAE04EC0-301F-11D3-BF4B-00C04F79EFBC}") = "Modele.Medicament", "Modele.Medicament\Modele.Medicament.csproj", "{83C2F36D-C089-43DE-AF26-F764FD3BFCF1}"
EndProject
Project("{FAE04EC0-301F-11D3-BF4B-00C04F79EFBC}") = "Modele.Investigatie", "Modele.Investigatie\Modele.Investigatie.csproj", "{3F55961B-BBAB-4789-803D-C002C347DA91}"
EndProject
Project("{FAE04EC0-301F-11D3-BF4B-00C04F79EFBC}") = "Modele.Ambulanta", "Modele.Ambulanta\Modele.Ambulanta.csproj", "{E6CDE3F8-C774-4AC3-813D-81A84F2072EA}"
EndProject
Project("{FAE04EC0-301F-11D3-BF4B-00C04F79EFBC}") = "Servicii.Pacient", "Servicii.Pacient\Servicii.Pacient.csproj", "{E8808F32-D483-41BE-9539-0788B669E918}"
EndProject
Project("{FAE04EC0-301F-11D3-BF4B-00C04F79EFBC}") = "Modele.Generic", "Modele.Generic\Modele.Generic.csproj", "{EF515938-01B0-483D-99ED-4A94C1B1D70D}"
EndProject
Global
	GlobalSection(SolutionConfigurationPlatforms) = preSolution
		Debug|Any CPU = Debug|Any CPU
		Release|Any CPU = Release|Any CPU
	EndGlobalSection
	GlobalSection(ProjectConfigurationPlatforms) = postSolution
		{0CD7E004-878C-481D-A235-98DDF366B5BA}.Debug|Any CPU.ActiveCfg = Debug|Any CPU
		{0CD7E004-878C-481D-A235-98DDF366B5BA}.Debug|Any CPU.Build.0 = Debug|Any CPU
		{0CD7E004-878C-481D-A235-98DDF366B5BA}.Release|Any CPU.ActiveCfg = Release|Any CPU
		{0CD7E004-878C-481D-A235-98DDF366B5BA}.Release|Any CPU.Build.0 = Release|Any CPU
		{007844BE-D5B7-405E-9C1C-83800D622E01}.Debug|Any CPU.ActiveCfg = Debug|Any CPU
		{007844BE-D5B7-405E-9C1C-83800D622E01}.Debug|Any CPU.Build.0 = Debug|Any CPU
		{007844BE-D5B7-405E-9C1C-83800D622E01}.Release|Any CPU.ActiveCfg = Release|Any CPU
		{007844BE-D5B7-405E-9C1C-83800D622E01}.Release|Any CPU.Build.0 = Release|Any CPU
		{BA2049EA-0711-4AA1-A410-91BC69010029}.Debug|Any CPU.ActiveCfg = Debug|Any CPU
		{BA2049EA-0711-4AA1-A410-91BC69010029}.Debug|Any CPU.Build.0 = Debug|Any CPU
		{BA2049EA-0711-4AA1-A410-91BC69010029}.Release|Any CPU.ActiveCfg = Release|Any CPU
		{BA2049EA-0711-4AA1-A410-91BC69010029}.Release|Any CPU.Build.0 = Release|Any CPU
		{C82ADBD8-5520-4A26-B17E-1A182744DA9D}.Debug|Any CPU.ActiveCfg = Debug|Any CPU
		{C82ADBD8-5520-4A26-B17E-1A182744DA9D}.Debug|Any CPU.Build.0 = Debug|Any CPU
		{C82ADBD8-5520-4A26-B17E-1A182744DA9D}.Release|Any CPU.ActiveCfg = Release|Any CPU
		{C82ADBD8-5520-4A26-B17E-1A182744DA9D}.Release|Any CPU.Build.0 = Release|Any CPU
		{83C2F36D-C089-43DE-AF26-F764FD3BFCF1}.Debug|Any CPU.ActiveCfg = Debug|Any CPU
		{83C2F36D-C089-43DE-AF26-F764FD3BFCF1}.Debug|Any CPU.Build.0 = Debug|Any CPU
		{83C2F36D-C089-43DE-AF26-F764FD3BFCF1}.Release|Any CPU.ActiveCfg = Release|Any CPU
		{83C2F36D-C089-43DE-AF26-F764FD3BFCF1}.Release|Any CPU.Build.0 = Release|Any CPU
		{3F55961B-BBAB-4789-803D-C002C347DA91}.Debug|Any CPU.ActiveCfg = Debug|Any CPU
		{3F55961B-BBAB-4789-803D-C002C347DA91}.Debug|Any CPU.Build.0 = Debug|Any CPU
		{3F55961B-BBAB-4789-803D-C002C347DA91}.Release|Any CPU.ActiveCfg = Release|Any CPU
		{3F55961B-BBAB-4789-803D-C002C347DA91}.Release|Any CPU.Build.0 = Release|Any CPU
		{E6CDE3F8-C774-4AC3-813D-81A84F2072EA}.Debug|Any CPU.ActiveCfg = Debug|Any CPU
		{E6CDE3F8-C774-4AC3-813D-81A84F2072EA}.Debug|Any CPU.Build.0 = Debug|Any CPU
		{E6CDE3F8-C774-4AC3-813D-81A84F2072EA}.Release|Any CPU.ActiveCfg = Release|Any CPU
		{E6CDE3F8-C774-4AC3-813D-81A84F2072EA}.Release|Any CPU.Build.0 = Release|Any CPU
		{E8808F32-D483-41BE-9539-0788B669E918}.Debug|Any CPU.ActiveCfg = Debug|Any CPU
		{E8808F32-D483-41BE-9539-0788B669E918}.Debug|Any CPU.Build.0 = Debug|Any CPU
		{E8808F32-D483-41BE-9539-0788B669E918}.Release|Any CPU.ActiveCfg = Release|Any CPU
		{E8808F32-D483-41BE-9539-0788B669E918}.Release|Any CPU.Build.0 = Release|Any CPU
		{EF515938-01B0-483D-99ED-4A94C1B1D70D}.Debug|Any CPU.ActiveCfg = Debug|Any CPU
		{EF515938-01B0-483D-99ED-4A94C1B1D70D}.Debug|Any CPU.Build.0 = Debug|Any CPU
		{EF515938-01B0-483D-99ED-4A94C1B1D70D}.Release|Any CPU.ActiveCfg = Release|Any CPU
		{EF515938-01B0-483D-99ED-4A94C1B1D70D}.Release|Any CPU.Build.0 = Release|Any CPU
	EndGlobalSection
	GlobalSection(SolutionProperties) = preSolution
		HideSolutionNode = FALSE
	EndGlobalSection
	GlobalSection(NestedProjects) = preSolution
		{007844BE-D5B7-405E-9C1C-83800D622E01} = {AFF87D1C-0808-4829-91F7-2E47C22085D7}
		{BA2049EA-0711-4AA1-A410-91BC69010029} = {F239476F-88E2-4B1C-A75A-B341064E95E7}
		{C82ADBD8-5520-4A26-B17E-1A182744DA9D} = {F239476F-88E2-4B1C-A75A-B341064E95E7}
		{83C2F36D-C089-43DE-AF26-F764FD3BFCF1} = {F239476F-88E2-4B1C-A75A-B341064E95E7}
		{3F55961B-BBAB-4789-803D-C002C347DA91} = {F239476F-88E2-4B1C-A75A-B341064E95E7}
		{E6CDE3F8-C774-4AC3-813D-81A84F2072EA} = {F239476F-88E2-4B1C-A75A-B341064E95E7}
		{E8808F32-D483-41BE-9539-0788B669E918} = {80C95CCE-D4A0-4E4F-9173-5D51228F89A3}
		{EF515938-01B0-483D-99ED-4A94C1B1D70D} = {F239476F-88E2-4B1C-A75A-B341064E95E7}
	EndGlobalSection
EndGlobal
