
Microsoft Visual Studio Solution File, Format Version 12.00
# Visual Studio 15
VisualStudioVersion = 15.0.26730.15
MinimumVisualStudioVersion = 10.0.40219.1
Project("{FAE04EC0-301F-11D3-BF4B-00C04F79EFBC}") = "Lab2SOLID", "Lab2SOLID\Lab2SOLID.csproj", "{9AE3F23A-FED5-486F-9E9B-773884101FAC}"
EndProject
Global
	GlobalSection(SolutionConfigurationPlatforms) = preSolution
		Debug|Any CPU = Debug|Any CPU
		Release|Any CPU = Release|Any CPU
	EndGlobalSection
	GlobalSection(ProjectConfigurationPlatforms) = postSolution
		{9AE3F23A-FED5-486F-9E9B-773884101FAC}.Debug|Any CPU.ActiveCfg = Debug|Any CPU
		{9AE3F23A-FED5-486F-9E9B-773884101FAC}.Debug|Any CPU.Build.0 = Debug|Any CPU
		{9AE3F23A-FED5-486F-9E9B-773884101FAC}.Release|Any CPU.ActiveCfg = Release|Any CPU
		{9AE3F23A-FED5-486F-9E9B-773884101FAC}.Release|Any CPU.Build.0 = Release|Any CPU
	EndGlobalSection
	GlobalSection(SolutionProperties) = preSolution
		HideSolutionNode = FALSE
	EndGlobalSection
	GlobalSection(ExtensibilityGlobals) = postSolution
		SolutionGuid = {65E48767-9328-4E6A-A32E-1B1A3D6E9B65}
	EndGlobalSection
EndGlobal
