
Microsoft Visual Studio Solution File, Format Version 12.00
# Visual Studio 15
VisualStudioVersion = 15.0.26730.16
MinimumVisualStudioVersion = 10.0.40219.1
Project("{FAE04EC0-301F-11D3-BF4B-00C04F79EFBC}") = "AnunturiImobiliare", "DemoDdd\AnunturiImobiliare.csproj", "{E5F02979-06C8-4E03-B0C6-92A17EC665A8}"
EndProject
Project("{2150E333-8FDC-42A3-9474-1A3956D46DE8}") = "Modele", "Modele", "{34D98A06-8955-405F-A578-992DDED738AB}"
EndProject
Project("{2150E333-8FDC-42A3-9474-1A3956D46DE8}") = "Infrastructura", "Infrastructura", "{3A566E0A-D2BE-4589-BF7E-0DA499530117}"
EndProject
Project("{FAE04EC0-301F-11D3-BF4B-00C04F79EFBC}") = "Pdf", "Pdf\Pdf.csproj", "{2FAE348E-C5DE-463D-8F39-BA71011DD74B}"
EndProject
Project("{FAE04EC0-301F-11D3-BF4B-00C04F79EFBC}") = "WebSitePublisher", "WebSitePublisher\WebSitePublisher.csproj", "{6F439E77-26D3-441C-8E42-36DC6E72CA6A}"
EndProject
Project("{FAE04EC0-301F-11D3-BF4B-00C04F79EFBC}") = "Modele.Agent", "Modele.Agent\Modele.Agent.csproj", "{40CC5B71-5327-4AFA-81AD-E09A82E580CF}"
EndProject
Project("{FAE04EC0-301F-11D3-BF4B-00C04F79EFBC}") = "Modele.Evenimente", "Modele.Evenimente\Modele.Evenimente.csproj", "{061894C0-B2A9-4160-8285-63420A6772FC}"
EndProject
Project("{FAE04EC0-301F-11D3-BF4B-00C04F79EFBC}") = "Modele.Generic", "Modele.Generic\Modele.Generic.csproj", "{55F590D5-5C28-49BE-85E7-6072C1930865}"
EndProject
Project("{FAE04EC0-301F-11D3-BF4B-00C04F79EFBC}") = "Modele.Anunt", "Modele.Anunt\Modele.Anunt.csproj", "{4BE07047-C0C9-4931-A1B8-323227DE4E95}"
EndProject
Project("{2150E333-8FDC-42A3-9474-1A3956D46DE8}") = "Repositories", "Repositories", "{3FB95FAB-5CD7-4336-B04B-29B9107106F8}"
EndProject
Project("{2150E333-8FDC-42A3-9474-1A3956D46DE8}") = "Services", "Services", "{A49D4554-DB3B-445B-9C66-E179C491CE11}"
EndProject
Project("{FAE04EC0-301F-11D3-BF4B-00C04F79EFBC}") = "Repositories.Anunt", "Repositories.Anunt\Repositories.Anunt.csproj", "{5C79554C-D74C-475A-A6B3-C2840D582A2A}"
EndProject
Project("{FAE04EC0-301F-11D3-BF4B-00C04F79EFBC}") = "Services.Anunt", "Services.Anunt\Services.Anunt.csproj", "{661AFC60-86B1-4A1F-B9CB-E5FB72EC25CD}"
EndProject
Project("{FAE04EC0-301F-11D3-BF4B-00C04F79EFBC}") = "ImobiliareTestProject", "ImobiliareTestProject\ImobiliareTestProject.csproj", "{34B5E663-F615-4AF5-910A-14B2DBCE25D8}"
EndProject
Global
	GlobalSection(SolutionConfigurationPlatforms) = preSolution
		Debug|Any CPU = Debug|Any CPU
		Debug|ARM = Debug|ARM
		Debug|x64 = Debug|x64
		Debug|x86 = Debug|x86
		Release|Any CPU = Release|Any CPU
		Release|ARM = Release|ARM
		Release|x64 = Release|x64
		Release|x86 = Release|x86
	EndGlobalSection
	GlobalSection(ProjectConfigurationPlatforms) = postSolution
		{E5F02979-06C8-4E03-B0C6-92A17EC665A8}.Debug|Any CPU.ActiveCfg = Debug|Any CPU
		{E5F02979-06C8-4E03-B0C6-92A17EC665A8}.Debug|Any CPU.Build.0 = Debug|Any CPU
		{E5F02979-06C8-4E03-B0C6-92A17EC665A8}.Debug|ARM.ActiveCfg = Debug|Any CPU
		{E5F02979-06C8-4E03-B0C6-92A17EC665A8}.Debug|ARM.Build.0 = Debug|Any CPU
		{E5F02979-06C8-4E03-B0C6-92A17EC665A8}.Debug|x64.ActiveCfg = Debug|Any CPU
		{E5F02979-06C8-4E03-B0C6-92A17EC665A8}.Debug|x64.Build.0 = Debug|Any CPU
		{E5F02979-06C8-4E03-B0C6-92A17EC665A8}.Debug|x86.ActiveCfg = Debug|Any CPU
		{E5F02979-06C8-4E03-B0C6-92A17EC665A8}.Debug|x86.Build.0 = Debug|Any CPU
		{E5F02979-06C8-4E03-B0C6-92A17EC665A8}.Release|Any CPU.ActiveCfg = Release|Any CPU
		{E5F02979-06C8-4E03-B0C6-92A17EC665A8}.Release|Any CPU.Build.0 = Release|Any CPU
		{E5F02979-06C8-4E03-B0C6-92A17EC665A8}.Release|ARM.ActiveCfg = Release|Any CPU
		{E5F02979-06C8-4E03-B0C6-92A17EC665A8}.Release|ARM.Build.0 = Release|Any CPU
		{E5F02979-06C8-4E03-B0C6-92A17EC665A8}.Release|x64.ActiveCfg = Release|Any CPU
		{E5F02979-06C8-4E03-B0C6-92A17EC665A8}.Release|x64.Build.0 = Release|Any CPU
		{E5F02979-06C8-4E03-B0C6-92A17EC665A8}.Release|x86.ActiveCfg = Release|Any CPU
		{E5F02979-06C8-4E03-B0C6-92A17EC665A8}.Release|x86.Build.0 = Release|Any CPU
		{2FAE348E-C5DE-463D-8F39-BA71011DD74B}.Debug|Any CPU.ActiveCfg = Debug|Any CPU
		{2FAE348E-C5DE-463D-8F39-BA71011DD74B}.Debug|Any CPU.Build.0 = Debug|Any CPU
		{2FAE348E-C5DE-463D-8F39-BA71011DD74B}.Debug|ARM.ActiveCfg = Debug|Any CPU
		{2FAE348E-C5DE-463D-8F39-BA71011DD74B}.Debug|ARM.Build.0 = Debug|Any CPU
		{2FAE348E-C5DE-463D-8F39-BA71011DD74B}.Debug|x64.ActiveCfg = Debug|Any CPU
		{2FAE348E-C5DE-463D-8F39-BA71011DD74B}.Debug|x64.Build.0 = Debug|Any CPU
		{2FAE348E-C5DE-463D-8F39-BA71011DD74B}.Debug|x86.ActiveCfg = Debug|Any CPU
		{2FAE348E-C5DE-463D-8F39-BA71011DD74B}.Debug|x86.Build.0 = Debug|Any CPU
		{2FAE348E-C5DE-463D-8F39-BA71011DD74B}.Release|Any CPU.ActiveCfg = Release|Any CPU
		{2FAE348E-C5DE-463D-8F39-BA71011DD74B}.Release|Any CPU.Build.0 = Release|Any CPU
		{2FAE348E-C5DE-463D-8F39-BA71011DD74B}.Release|ARM.ActiveCfg = Release|Any CPU
		{2FAE348E-C5DE-463D-8F39-BA71011DD74B}.Release|ARM.Build.0 = Release|Any CPU
		{2FAE348E-C5DE-463D-8F39-BA71011DD74B}.Release|x64.ActiveCfg = Release|Any CPU
		{2FAE348E-C5DE-463D-8F39-BA71011DD74B}.Release|x64.Build.0 = Release|Any CPU
		{2FAE348E-C5DE-463D-8F39-BA71011DD74B}.Release|x86.ActiveCfg = Release|Any CPU
		{2FAE348E-C5DE-463D-8F39-BA71011DD74B}.Release|x86.Build.0 = Release|Any CPU
		{6F439E77-26D3-441C-8E42-36DC6E72CA6A}.Debug|Any CPU.ActiveCfg = Debug|Any CPU
		{6F439E77-26D3-441C-8E42-36DC6E72CA6A}.Debug|Any CPU.Build.0 = Debug|Any CPU
		{6F439E77-26D3-441C-8E42-36DC6E72CA6A}.Debug|ARM.ActiveCfg = Debug|Any CPU
		{6F439E77-26D3-441C-8E42-36DC6E72CA6A}.Debug|ARM.Build.0 = Debug|Any CPU
		{6F439E77-26D3-441C-8E42-36DC6E72CA6A}.Debug|x64.ActiveCfg = Debug|Any CPU
		{6F439E77-26D3-441C-8E42-36DC6E72CA6A}.Debug|x64.Build.0 = Debug|Any CPU
		{6F439E77-26D3-441C-8E42-36DC6E72CA6A}.Debug|x86.ActiveCfg = Debug|Any CPU
		{6F439E77-26D3-441C-8E42-36DC6E72CA6A}.Debug|x86.Build.0 = Debug|Any CPU
		{6F439E77-26D3-441C-8E42-36DC6E72CA6A}.Release|Any CPU.ActiveCfg = Release|Any CPU
		{6F439E77-26D3-441C-8E42-36DC6E72CA6A}.Release|Any CPU.Build.0 = Release|Any CPU
		{6F439E77-26D3-441C-8E42-36DC6E72CA6A}.Release|ARM.ActiveCfg = Release|Any CPU
		{6F439E77-26D3-441C-8E42-36DC6E72CA6A}.Release|ARM.Build.0 = Release|Any CPU
		{6F439E77-26D3-441C-8E42-36DC6E72CA6A}.Release|x64.ActiveCfg = Release|Any CPU
		{6F439E77-26D3-441C-8E42-36DC6E72CA6A}.Release|x64.Build.0 = Release|Any CPU
		{6F439E77-26D3-441C-8E42-36DC6E72CA6A}.Release|x86.ActiveCfg = Release|Any CPU
		{6F439E77-26D3-441C-8E42-36DC6E72CA6A}.Release|x86.Build.0 = Release|Any CPU
		{40CC5B71-5327-4AFA-81AD-E09A82E580CF}.Debug|Any CPU.ActiveCfg = Debug|Any CPU
		{40CC5B71-5327-4AFA-81AD-E09A82E580CF}.Debug|Any CPU.Build.0 = Debug|Any CPU
		{40CC5B71-5327-4AFA-81AD-E09A82E580CF}.Debug|ARM.ActiveCfg = Debug|ARM
		{40CC5B71-5327-4AFA-81AD-E09A82E580CF}.Debug|ARM.Build.0 = Debug|ARM
		{40CC5B71-5327-4AFA-81AD-E09A82E580CF}.Debug|x64.ActiveCfg = Debug|x64
		{40CC5B71-5327-4AFA-81AD-E09A82E580CF}.Debug|x64.Build.0 = Debug|x64
		{40CC5B71-5327-4AFA-81AD-E09A82E580CF}.Debug|x86.ActiveCfg = Debug|x86
		{40CC5B71-5327-4AFA-81AD-E09A82E580CF}.Debug|x86.Build.0 = Debug|x86
		{40CC5B71-5327-4AFA-81AD-E09A82E580CF}.Release|Any CPU.ActiveCfg = Release|Any CPU
		{40CC5B71-5327-4AFA-81AD-E09A82E580CF}.Release|Any CPU.Build.0 = Release|Any CPU
		{40CC5B71-5327-4AFA-81AD-E09A82E580CF}.Release|ARM.ActiveCfg = Release|ARM
		{40CC5B71-5327-4AFA-81AD-E09A82E580CF}.Release|ARM.Build.0 = Release|ARM
		{40CC5B71-5327-4AFA-81AD-E09A82E580CF}.Release|x64.ActiveCfg = Release|x64
		{40CC5B71-5327-4AFA-81AD-E09A82E580CF}.Release|x64.Build.0 = Release|x64
		{40CC5B71-5327-4AFA-81AD-E09A82E580CF}.Release|x86.ActiveCfg = Release|x86
		{40CC5B71-5327-4AFA-81AD-E09A82E580CF}.Release|x86.Build.0 = Release|x86
		{061894C0-B2A9-4160-8285-63420A6772FC}.Debug|Any CPU.ActiveCfg = Debug|Any CPU
		{061894C0-B2A9-4160-8285-63420A6772FC}.Debug|Any CPU.Build.0 = Debug|Any CPU
		{061894C0-B2A9-4160-8285-63420A6772FC}.Debug|ARM.ActiveCfg = Debug|ARM
		{061894C0-B2A9-4160-8285-63420A6772FC}.Debug|ARM.Build.0 = Debug|ARM
		{061894C0-B2A9-4160-8285-63420A6772FC}.Debug|x64.ActiveCfg = Debug|x64
		{061894C0-B2A9-4160-8285-63420A6772FC}.Debug|x64.Build.0 = Debug|x64
		{061894C0-B2A9-4160-8285-63420A6772FC}.Debug|x86.ActiveCfg = Debug|x86
		{061894C0-B2A9-4160-8285-63420A6772FC}.Debug|x86.Build.0 = Debug|x86
		{061894C0-B2A9-4160-8285-63420A6772FC}.Release|Any CPU.ActiveCfg = Release|Any CPU
		{061894C0-B2A9-4160-8285-63420A6772FC}.Release|Any CPU.Build.0 = Release|Any CPU
		{061894C0-B2A9-4160-8285-63420A6772FC}.Release|ARM.ActiveCfg = Release|ARM
		{061894C0-B2A9-4160-8285-63420A6772FC}.Release|ARM.Build.0 = Release|ARM
		{061894C0-B2A9-4160-8285-63420A6772FC}.Release|x64.ActiveCfg = Release|x64
		{061894C0-B2A9-4160-8285-63420A6772FC}.Release|x64.Build.0 = Release|x64
		{061894C0-B2A9-4160-8285-63420A6772FC}.Release|x86.ActiveCfg = Release|x86
		{061894C0-B2A9-4160-8285-63420A6772FC}.Release|x86.Build.0 = Release|x86
		{55F590D5-5C28-49BE-85E7-6072C1930865}.Debug|Any CPU.ActiveCfg = Debug|Any CPU
		{55F590D5-5C28-49BE-85E7-6072C1930865}.Debug|Any CPU.Build.0 = Debug|Any CPU
		{55F590D5-5C28-49BE-85E7-6072C1930865}.Debug|ARM.ActiveCfg = Debug|ARM
		{55F590D5-5C28-49BE-85E7-6072C1930865}.Debug|ARM.Build.0 = Debug|ARM
		{55F590D5-5C28-49BE-85E7-6072C1930865}.Debug|x64.ActiveCfg = Debug|x64
		{55F590D5-5C28-49BE-85E7-6072C1930865}.Debug|x64.Build.0 = Debug|x64
		{55F590D5-5C28-49BE-85E7-6072C1930865}.Debug|x86.ActiveCfg = Debug|x86
		{55F590D5-5C28-49BE-85E7-6072C1930865}.Debug|x86.Build.0 = Debug|x86
		{55F590D5-5C28-49BE-85E7-6072C1930865}.Release|Any CPU.ActiveCfg = Release|Any CPU
		{55F590D5-5C28-49BE-85E7-6072C1930865}.Release|Any CPU.Build.0 = Release|Any CPU
		{55F590D5-5C28-49BE-85E7-6072C1930865}.Release|ARM.ActiveCfg = Release|ARM
		{55F590D5-5C28-49BE-85E7-6072C1930865}.Release|ARM.Build.0 = Release|ARM
		{55F590D5-5C28-49BE-85E7-6072C1930865}.Release|x64.ActiveCfg = Release|x64
		{55F590D5-5C28-49BE-85E7-6072C1930865}.Release|x64.Build.0 = Release|x64
		{55F590D5-5C28-49BE-85E7-6072C1930865}.Release|x86.ActiveCfg = Release|x86
		{55F590D5-5C28-49BE-85E7-6072C1930865}.Release|x86.Build.0 = Release|x86
		{4BE07047-C0C9-4931-A1B8-323227DE4E95}.Debug|Any CPU.ActiveCfg = Debug|Any CPU
		{4BE07047-C0C9-4931-A1B8-323227DE4E95}.Debug|Any CPU.Build.0 = Debug|Any CPU
		{4BE07047-C0C9-4931-A1B8-323227DE4E95}.Debug|ARM.ActiveCfg = Debug|ARM
		{4BE07047-C0C9-4931-A1B8-323227DE4E95}.Debug|ARM.Build.0 = Debug|ARM
		{4BE07047-C0C9-4931-A1B8-323227DE4E95}.Debug|x64.ActiveCfg = Debug|x64
		{4BE07047-C0C9-4931-A1B8-323227DE4E95}.Debug|x64.Build.0 = Debug|x64
		{4BE07047-C0C9-4931-A1B8-323227DE4E95}.Debug|x86.ActiveCfg = Debug|x86
		{4BE07047-C0C9-4931-A1B8-323227DE4E95}.Debug|x86.Build.0 = Debug|x86
		{4BE07047-C0C9-4931-A1B8-323227DE4E95}.Release|Any CPU.ActiveCfg = Release|Any CPU
		{4BE07047-C0C9-4931-A1B8-323227DE4E95}.Release|Any CPU.Build.0 = Release|Any CPU
		{4BE07047-C0C9-4931-A1B8-323227DE4E95}.Release|ARM.ActiveCfg = Release|ARM
		{4BE07047-C0C9-4931-A1B8-323227DE4E95}.Release|ARM.Build.0 = Release|ARM
		{4BE07047-C0C9-4931-A1B8-323227DE4E95}.Release|x64.ActiveCfg = Release|x64
		{4BE07047-C0C9-4931-A1B8-323227DE4E95}.Release|x64.Build.0 = Release|x64
		{4BE07047-C0C9-4931-A1B8-323227DE4E95}.Release|x86.ActiveCfg = Release|x86
		{4BE07047-C0C9-4931-A1B8-323227DE4E95}.Release|x86.Build.0 = Release|x86
		{5C79554C-D74C-475A-A6B3-C2840D582A2A}.Debug|Any CPU.ActiveCfg = Debug|Any CPU
		{5C79554C-D74C-475A-A6B3-C2840D582A2A}.Debug|Any CPU.Build.0 = Debug|Any CPU
		{5C79554C-D74C-475A-A6B3-C2840D582A2A}.Debug|ARM.ActiveCfg = Debug|ARM
		{5C79554C-D74C-475A-A6B3-C2840D582A2A}.Debug|ARM.Build.0 = Debug|ARM
		{5C79554C-D74C-475A-A6B3-C2840D582A2A}.Debug|x64.ActiveCfg = Debug|x64
		{5C79554C-D74C-475A-A6B3-C2840D582A2A}.Debug|x64.Build.0 = Debug|x64
		{5C79554C-D74C-475A-A6B3-C2840D582A2A}.Debug|x86.ActiveCfg = Debug|x86
		{5C79554C-D74C-475A-A6B3-C2840D582A2A}.Debug|x86.Build.0 = Debug|x86
		{5C79554C-D74C-475A-A6B3-C2840D582A2A}.Release|Any CPU.ActiveCfg = Release|Any CPU
		{5C79554C-D74C-475A-A6B3-C2840D582A2A}.Release|Any CPU.Build.0 = Release|Any CPU
		{5C79554C-D74C-475A-A6B3-C2840D582A2A}.Release|ARM.ActiveCfg = Release|ARM
		{5C79554C-D74C-475A-A6B3-C2840D582A2A}.Release|ARM.Build.0 = Release|ARM
		{5C79554C-D74C-475A-A6B3-C2840D582A2A}.Release|x64.ActiveCfg = Release|x64
		{5C79554C-D74C-475A-A6B3-C2840D582A2A}.Release|x64.Build.0 = Release|x64
		{5C79554C-D74C-475A-A6B3-C2840D582A2A}.Release|x86.ActiveCfg = Release|x86
		{5C79554C-D74C-475A-A6B3-C2840D582A2A}.Release|x86.Build.0 = Release|x86
		{661AFC60-86B1-4A1F-B9CB-E5FB72EC25CD}.Debug|Any CPU.ActiveCfg = Debug|Any CPU
		{661AFC60-86B1-4A1F-B9CB-E5FB72EC25CD}.Debug|Any CPU.Build.0 = Debug|Any CPU
		{661AFC60-86B1-4A1F-B9CB-E5FB72EC25CD}.Debug|ARM.ActiveCfg = Debug|ARM
		{661AFC60-86B1-4A1F-B9CB-E5FB72EC25CD}.Debug|ARM.Build.0 = Debug|ARM
		{661AFC60-86B1-4A1F-B9CB-E5FB72EC25CD}.Debug|x64.ActiveCfg = Debug|x64
		{661AFC60-86B1-4A1F-B9CB-E5FB72EC25CD}.Debug|x64.Build.0 = Debug|x64
		{661AFC60-86B1-4A1F-B9CB-E5FB72EC25CD}.Debug|x86.ActiveCfg = Debug|x86
		{661AFC60-86B1-4A1F-B9CB-E5FB72EC25CD}.Debug|x86.Build.0 = Debug|x86
		{661AFC60-86B1-4A1F-B9CB-E5FB72EC25CD}.Release|Any CPU.ActiveCfg = Release|Any CPU
		{661AFC60-86B1-4A1F-B9CB-E5FB72EC25CD}.Release|Any CPU.Build.0 = Release|Any CPU
		{661AFC60-86B1-4A1F-B9CB-E5FB72EC25CD}.Release|ARM.ActiveCfg = Release|ARM
		{661AFC60-86B1-4A1F-B9CB-E5FB72EC25CD}.Release|ARM.Build.0 = Release|ARM
		{661AFC60-86B1-4A1F-B9CB-E5FB72EC25CD}.Release|x64.ActiveCfg = Release|x64
		{661AFC60-86B1-4A1F-B9CB-E5FB72EC25CD}.Release|x64.Build.0 = Release|x64
		{661AFC60-86B1-4A1F-B9CB-E5FB72EC25CD}.Release|x86.ActiveCfg = Release|x86
		{661AFC60-86B1-4A1F-B9CB-E5FB72EC25CD}.Release|x86.Build.0 = Release|x86
		{34B5E663-F615-4AF5-910A-14B2DBCE25D8}.Debug|Any CPU.ActiveCfg = Debug|Any CPU
		{34B5E663-F615-4AF5-910A-14B2DBCE25D8}.Debug|Any CPU.Build.0 = Debug|Any CPU
		{34B5E663-F615-4AF5-910A-14B2DBCE25D8}.Debug|ARM.ActiveCfg = Debug|Any CPU
		{34B5E663-F615-4AF5-910A-14B2DBCE25D8}.Debug|ARM.Build.0 = Debug|Any CPU
		{34B5E663-F615-4AF5-910A-14B2DBCE25D8}.Debug|x64.ActiveCfg = Debug|Any CPU
		{34B5E663-F615-4AF5-910A-14B2DBCE25D8}.Debug|x64.Build.0 = Debug|Any CPU
		{34B5E663-F615-4AF5-910A-14B2DBCE25D8}.Debug|x86.ActiveCfg = Debug|Any CPU
		{34B5E663-F615-4AF5-910A-14B2DBCE25D8}.Debug|x86.Build.0 = Debug|Any CPU
		{34B5E663-F615-4AF5-910A-14B2DBCE25D8}.Release|Any CPU.ActiveCfg = Release|Any CPU
		{34B5E663-F615-4AF5-910A-14B2DBCE25D8}.Release|Any CPU.Build.0 = Release|Any CPU
		{34B5E663-F615-4AF5-910A-14B2DBCE25D8}.Release|ARM.ActiveCfg = Release|Any CPU
		{34B5E663-F615-4AF5-910A-14B2DBCE25D8}.Release|ARM.Build.0 = Release|Any CPU
		{34B5E663-F615-4AF5-910A-14B2DBCE25D8}.Release|x64.ActiveCfg = Release|Any CPU
		{34B5E663-F615-4AF5-910A-14B2DBCE25D8}.Release|x64.Build.0 = Release|Any CPU
		{34B5E663-F615-4AF5-910A-14B2DBCE25D8}.Release|x86.ActiveCfg = Release|Any CPU
		{34B5E663-F615-4AF5-910A-14B2DBCE25D8}.Release|x86.Build.0 = Release|Any CPU
	EndGlobalSection
	GlobalSection(SolutionProperties) = preSolution
		HideSolutionNode = FALSE
	EndGlobalSection
	GlobalSection(NestedProjects) = preSolution
		{2FAE348E-C5DE-463D-8F39-BA71011DD74B} = {3A566E0A-D2BE-4589-BF7E-0DA499530117}
		{6F439E77-26D3-441C-8E42-36DC6E72CA6A} = {3A566E0A-D2BE-4589-BF7E-0DA499530117}
		{40CC5B71-5327-4AFA-81AD-E09A82E580CF} = {34D98A06-8955-405F-A578-992DDED738AB}
		{061894C0-B2A9-4160-8285-63420A6772FC} = {34D98A06-8955-405F-A578-992DDED738AB}
		{55F590D5-5C28-49BE-85E7-6072C1930865} = {34D98A06-8955-405F-A578-992DDED738AB}
		{4BE07047-C0C9-4931-A1B8-323227DE4E95} = {34D98A06-8955-405F-A578-992DDED738AB}
		{5C79554C-D74C-475A-A6B3-C2840D582A2A} = {3FB95FAB-5CD7-4336-B04B-29B9107106F8}
		{661AFC60-86B1-4A1F-B9CB-E5FB72EC25CD} = {A49D4554-DB3B-445B-9C66-E179C491CE11}
	EndGlobalSection
	GlobalSection(ExtensibilityGlobals) = postSolution
		SolutionGuid = {3B18BA7B-5A61-4076-A842-E5E6DFEF56EC}
	EndGlobalSection
EndGlobal
