
Microsoft Visual Studio Solution File, Format Version 12.00
# Visual Studio 14
VisualStudioVersion = 14.0.25420.1
MinimumVisualStudioVersion = 10.0.40219.1
Project("{FAE04EC0-301F-11D3-BF4B-00C04F79EFBC}") = "DDD_Model", "DDD_Model\DDD_Model.csproj", "{1E33B8B0-C1D8-4E9D-A4DC-86C04E60CAF8}"
EndProject
Project("{2150E333-8FDC-42A3-9474-1A3956D46DE8}") = "Models", "Models", "{91242CD0-1BEB-4B21-9F4D-DC0C0890E43D}"
EndProject
Project("{FAE04EC0-301F-11D3-BF4B-00C04F79EFBC}") = "Models", "Models\Models.csproj", "{D56B3ED2-C100-43AB-860E-EA531E2782E6}"
EndProject
Project("{FAE04EC0-301F-11D3-BF4B-00C04F79EFBC}") = "Models.Generic", "Models.Generic\Models.Generic.csproj", "{6DDEC2A4-DAEA-4DEA-92BA-BC2D73395629}"
EndProject
Project("{2150E333-8FDC-42A3-9474-1A3956D46DE8}") = "Factories", "Factories", "{C8020035-260A-49EE-9BD7-0D13E6AB54D2}"
EndProject
Project("{FAE04EC0-301F-11D3-BF4B-00C04F79EFBC}") = "Factories", "Factories\Factories.csproj", "{C30C3216-AA58-4509-9B29-D1091FBFEED9}"
EndProject
Project("{FAE04EC0-301F-11D3-BF4B-00C04F79EFBC}") = "Tests", "Tests\Tests.csproj", "{2C1703CF-A337-4641-83B7-03D9335A3AA7}"
EndProject
Project("{2150E333-8FDC-42A3-9474-1A3956D46DE8}") = "Repositories", "Repositories", "{0DC42D1E-9628-4B35-91D0-61FA70EC2EBA}"
EndProject
Project("{FAE04EC0-301F-11D3-BF4B-00C04F79EFBC}") = "Repositories", "Repositories\Repositories.csproj", "{BB2A13C8-B4F0-4C1D-92E9-B47657879880}"
EndProject
Global
	GlobalSection(SolutionConfigurationPlatforms) = preSolution
		Debug|Any CPU = Debug|Any CPU
		Debug|ARM = Debug|ARM
		Debug|x64 = Debug|x64
		Debug|x86 = Debug|x86
		Release|Any CPU = Release|Any CPU
		Release|ARM = Release|ARM
		Release|x64 = Release|x64
		Release|x86 = Release|x86
	EndGlobalSection
	GlobalSection(ProjectConfigurationPlatforms) = postSolution
		{1E33B8B0-C1D8-4E9D-A4DC-86C04E60CAF8}.Debug|Any CPU.ActiveCfg = Debug|Any CPU
		{1E33B8B0-C1D8-4E9D-A4DC-86C04E60CAF8}.Debug|Any CPU.Build.0 = Debug|Any CPU
		{1E33B8B0-C1D8-4E9D-A4DC-86C04E60CAF8}.Debug|ARM.ActiveCfg = Debug|Any CPU
		{1E33B8B0-C1D8-4E9D-A4DC-86C04E60CAF8}.Debug|ARM.Build.0 = Debug|Any CPU
		{1E33B8B0-C1D8-4E9D-A4DC-86C04E60CAF8}.Debug|x64.ActiveCfg = Debug|Any CPU
		{1E33B8B0-C1D8-4E9D-A4DC-86C04E60CAF8}.Debug|x64.Build.0 = Debug|Any CPU
		{1E33B8B0-C1D8-4E9D-A4DC-86C04E60CAF8}.Debug|x86.ActiveCfg = Debug|Any CPU
		{1E33B8B0-C1D8-4E9D-A4DC-86C04E60CAF8}.Debug|x86.Build.0 = Debug|Any CPU
		{1E33B8B0-C1D8-4E9D-A4DC-86C04E60CAF8}.Release|Any CPU.ActiveCfg = Release|Any CPU
		{1E33B8B0-C1D8-4E9D-A4DC-86C04E60CAF8}.Release|Any CPU.Build.0 = Release|Any CPU
		{1E33B8B0-C1D8-4E9D-A4DC-86C04E60CAF8}.Release|ARM.ActiveCfg = Release|Any CPU
		{1E33B8B0-C1D8-4E9D-A4DC-86C04E60CAF8}.Release|ARM.Build.0 = Release|Any CPU
		{1E33B8B0-C1D8-4E9D-A4DC-86C04E60CAF8}.Release|x64.ActiveCfg = Release|Any CPU
		{1E33B8B0-C1D8-4E9D-A4DC-86C04E60CAF8}.Release|x64.Build.0 = Release|Any CPU
		{1E33B8B0-C1D8-4E9D-A4DC-86C04E60CAF8}.Release|x86.ActiveCfg = Release|Any CPU
		{1E33B8B0-C1D8-4E9D-A4DC-86C04E60CAF8}.Release|x86.Build.0 = Release|Any CPU
		{D56B3ED2-C100-43AB-860E-EA531E2782E6}.Debug|Any CPU.ActiveCfg = Debug|Any CPU
		{D56B3ED2-C100-43AB-860E-EA531E2782E6}.Debug|Any CPU.Build.0 = Debug|Any CPU
		{D56B3ED2-C100-43AB-860E-EA531E2782E6}.Debug|ARM.ActiveCfg = Debug|Any CPU
		{D56B3ED2-C100-43AB-860E-EA531E2782E6}.Debug|ARM.Build.0 = Debug|Any CPU
		{D56B3ED2-C100-43AB-860E-EA531E2782E6}.Debug|x64.ActiveCfg = Debug|Any CPU
		{D56B3ED2-C100-43AB-860E-EA531E2782E6}.Debug|x64.Build.0 = Debug|Any CPU
		{D56B3ED2-C100-43AB-860E-EA531E2782E6}.Debug|x86.ActiveCfg = Debug|Any CPU
		{D56B3ED2-C100-43AB-860E-EA531E2782E6}.Debug|x86.Build.0 = Debug|Any CPU
		{D56B3ED2-C100-43AB-860E-EA531E2782E6}.Release|Any CPU.ActiveCfg = Release|Any CPU
		{D56B3ED2-C100-43AB-860E-EA531E2782E6}.Release|Any CPU.Build.0 = Release|Any CPU
		{D56B3ED2-C100-43AB-860E-EA531E2782E6}.Release|ARM.ActiveCfg = Release|Any CPU
		{D56B3ED2-C100-43AB-860E-EA531E2782E6}.Release|ARM.Build.0 = Release|Any CPU
		{D56B3ED2-C100-43AB-860E-EA531E2782E6}.Release|x64.ActiveCfg = Release|Any CPU
		{D56B3ED2-C100-43AB-860E-EA531E2782E6}.Release|x64.Build.0 = Release|Any CPU
		{D56B3ED2-C100-43AB-860E-EA531E2782E6}.Release|x86.ActiveCfg = Release|Any CPU
		{D56B3ED2-C100-43AB-860E-EA531E2782E6}.Release|x86.Build.0 = Release|Any CPU
		{6DDEC2A4-DAEA-4DEA-92BA-BC2D73395629}.Debug|Any CPU.ActiveCfg = Debug|Any CPU
		{6DDEC2A4-DAEA-4DEA-92BA-BC2D73395629}.Debug|Any CPU.Build.0 = Debug|Any CPU
		{6DDEC2A4-DAEA-4DEA-92BA-BC2D73395629}.Debug|ARM.ActiveCfg = Debug|Any CPU
		{6DDEC2A4-DAEA-4DEA-92BA-BC2D73395629}.Debug|ARM.Build.0 = Debug|Any CPU
		{6DDEC2A4-DAEA-4DEA-92BA-BC2D73395629}.Debug|x64.ActiveCfg = Debug|Any CPU
		{6DDEC2A4-DAEA-4DEA-92BA-BC2D73395629}.Debug|x64.Build.0 = Debug|Any CPU
		{6DDEC2A4-DAEA-4DEA-92BA-BC2D73395629}.Debug|x86.ActiveCfg = Debug|Any CPU
		{6DDEC2A4-DAEA-4DEA-92BA-BC2D73395629}.Debug|x86.Build.0 = Debug|Any CPU
		{6DDEC2A4-DAEA-4DEA-92BA-BC2D73395629}.Release|Any CPU.ActiveCfg = Release|Any CPU
		{6DDEC2A4-DAEA-4DEA-92BA-BC2D73395629}.Release|Any CPU.Build.0 = Release|Any CPU
		{6DDEC2A4-DAEA-4DEA-92BA-BC2D73395629}.Release|ARM.ActiveCfg = Release|Any CPU
		{6DDEC2A4-DAEA-4DEA-92BA-BC2D73395629}.Release|ARM.Build.0 = Release|Any CPU
		{6DDEC2A4-DAEA-4DEA-92BA-BC2D73395629}.Release|x64.ActiveCfg = Release|Any CPU
		{6DDEC2A4-DAEA-4DEA-92BA-BC2D73395629}.Release|x64.Build.0 = Release|Any CPU
		{6DDEC2A4-DAEA-4DEA-92BA-BC2D73395629}.Release|x86.ActiveCfg = Release|Any CPU
		{6DDEC2A4-DAEA-4DEA-92BA-BC2D73395629}.Release|x86.Build.0 = Release|Any CPU
		{C30C3216-AA58-4509-9B29-D1091FBFEED9}.Debug|Any CPU.ActiveCfg = Debug|Any CPU
		{C30C3216-AA58-4509-9B29-D1091FBFEED9}.Debug|Any CPU.Build.0 = Debug|Any CPU
		{C30C3216-AA58-4509-9B29-D1091FBFEED9}.Debug|ARM.ActiveCfg = Debug|Any CPU
		{C30C3216-AA58-4509-9B29-D1091FBFEED9}.Debug|ARM.Build.0 = Debug|Any CPU
		{C30C3216-AA58-4509-9B29-D1091FBFEED9}.Debug|x64.ActiveCfg = Debug|Any CPU
		{C30C3216-AA58-4509-9B29-D1091FBFEED9}.Debug|x64.Build.0 = Debug|Any CPU
		{C30C3216-AA58-4509-9B29-D1091FBFEED9}.Debug|x86.ActiveCfg = Debug|Any CPU
		{C30C3216-AA58-4509-9B29-D1091FBFEED9}.Debug|x86.Build.0 = Debug|Any CPU
		{C30C3216-AA58-4509-9B29-D1091FBFEED9}.Release|Any CPU.ActiveCfg = Release|Any CPU
		{C30C3216-AA58-4509-9B29-D1091FBFEED9}.Release|Any CPU.Build.0 = Release|Any CPU
		{C30C3216-AA58-4509-9B29-D1091FBFEED9}.Release|ARM.ActiveCfg = Release|Any CPU
		{C30C3216-AA58-4509-9B29-D1091FBFEED9}.Release|ARM.Build.0 = Release|Any CPU
		{C30C3216-AA58-4509-9B29-D1091FBFEED9}.Release|x64.ActiveCfg = Release|Any CPU
		{C30C3216-AA58-4509-9B29-D1091FBFEED9}.Release|x64.Build.0 = Release|Any CPU
		{C30C3216-AA58-4509-9B29-D1091FBFEED9}.Release|x86.ActiveCfg = Release|Any CPU
		{C30C3216-AA58-4509-9B29-D1091FBFEED9}.Release|x86.Build.0 = Release|Any CPU
		{2C1703CF-A337-4641-83B7-03D9335A3AA7}.Debug|Any CPU.ActiveCfg = Debug|Any CPU
		{2C1703CF-A337-4641-83B7-03D9335A3AA7}.Debug|Any CPU.Build.0 = Debug|Any CPU
		{2C1703CF-A337-4641-83B7-03D9335A3AA7}.Debug|ARM.ActiveCfg = Debug|Any CPU
		{2C1703CF-A337-4641-83B7-03D9335A3AA7}.Debug|ARM.Build.0 = Debug|Any CPU
		{2C1703CF-A337-4641-83B7-03D9335A3AA7}.Debug|x64.ActiveCfg = Debug|Any CPU
		{2C1703CF-A337-4641-83B7-03D9335A3AA7}.Debug|x64.Build.0 = Debug|Any CPU
		{2C1703CF-A337-4641-83B7-03D9335A3AA7}.Debug|x86.ActiveCfg = Debug|Any CPU
		{2C1703CF-A337-4641-83B7-03D9335A3AA7}.Debug|x86.Build.0 = Debug|Any CPU
		{2C1703CF-A337-4641-83B7-03D9335A3AA7}.Release|Any CPU.ActiveCfg = Release|Any CPU
		{2C1703CF-A337-4641-83B7-03D9335A3AA7}.Release|Any CPU.Build.0 = Release|Any CPU
		{2C1703CF-A337-4641-83B7-03D9335A3AA7}.Release|ARM.ActiveCfg = Release|Any CPU
		{2C1703CF-A337-4641-83B7-03D9335A3AA7}.Release|ARM.Build.0 = Release|Any CPU
		{2C1703CF-A337-4641-83B7-03D9335A3AA7}.Release|x64.ActiveCfg = Release|Any CPU
		{2C1703CF-A337-4641-83B7-03D9335A3AA7}.Release|x64.Build.0 = Release|Any CPU
		{2C1703CF-A337-4641-83B7-03D9335A3AA7}.Release|x86.ActiveCfg = Release|Any CPU
		{2C1703CF-A337-4641-83B7-03D9335A3AA7}.Release|x86.Build.0 = Release|Any CPU
		{BB2A13C8-B4F0-4C1D-92E9-B47657879880}.Debug|Any CPU.ActiveCfg = Debug|Any CPU
		{BB2A13C8-B4F0-4C1D-92E9-B47657879880}.Debug|Any CPU.Build.0 = Debug|Any CPU
		{BB2A13C8-B4F0-4C1D-92E9-B47657879880}.Debug|ARM.ActiveCfg = Debug|Any CPU
		{BB2A13C8-B4F0-4C1D-92E9-B47657879880}.Debug|ARM.Build.0 = Debug|Any CPU
		{BB2A13C8-B4F0-4C1D-92E9-B47657879880}.Debug|x64.ActiveCfg = Debug|Any CPU
		{BB2A13C8-B4F0-4C1D-92E9-B47657879880}.Debug|x64.Build.0 = Debug|Any CPU
		{BB2A13C8-B4F0-4C1D-92E9-B47657879880}.Debug|x86.ActiveCfg = Debug|Any CPU
		{BB2A13C8-B4F0-4C1D-92E9-B47657879880}.Debug|x86.Build.0 = Debug|Any CPU
		{BB2A13C8-B4F0-4C1D-92E9-B47657879880}.Release|Any CPU.ActiveCfg = Release|Any CPU
		{BB2A13C8-B4F0-4C1D-92E9-B47657879880}.Release|Any CPU.Build.0 = Release|Any CPU
		{BB2A13C8-B4F0-4C1D-92E9-B47657879880}.Release|ARM.ActiveCfg = Release|Any CPU
		{BB2A13C8-B4F0-4C1D-92E9-B47657879880}.Release|ARM.Build.0 = Release|Any CPU
		{BB2A13C8-B4F0-4C1D-92E9-B47657879880}.Release|x64.ActiveCfg = Release|Any CPU
		{BB2A13C8-B4F0-4C1D-92E9-B47657879880}.Release|x64.Build.0 = Release|Any CPU
		{BB2A13C8-B4F0-4C1D-92E9-B47657879880}.Release|x86.ActiveCfg = Release|Any CPU
		{BB2A13C8-B4F0-4C1D-92E9-B47657879880}.Release|x86.Build.0 = Release|Any CPU
	EndGlobalSection
	GlobalSection(SolutionProperties) = preSolution
		HideSolutionNode = FALSE
	EndGlobalSection
	GlobalSection(NestedProjects) = preSolution
		{D56B3ED2-C100-43AB-860E-EA531E2782E6} = {91242CD0-1BEB-4B21-9F4D-DC0C0890E43D}
		{6DDEC2A4-DAEA-4DEA-92BA-BC2D73395629} = {91242CD0-1BEB-4B21-9F4D-DC0C0890E43D}
		{C30C3216-AA58-4509-9B29-D1091FBFEED9} = {C8020035-260A-49EE-9BD7-0D13E6AB54D2}
		{BB2A13C8-B4F0-4C1D-92E9-B47657879880} = {0DC42D1E-9628-4B35-91D0-61FA70EC2EBA}
	EndGlobalSection
EndGlobal
