
Microsoft Visual Studio Solution File, Format Version 12.00
# Visual Studio 2013
VisualStudioVersion = 12.0.21005.1
MinimumVisualStudioVersion = 10.0.40219.1
Project("{FAE04EC0-301F-11D3-BF4B-00C04F79EFBC}") = "Tema2", "Tema2\Tema2.csproj", "{CA45AF01-69C5-44BA-B680-EA3352C6FA70}"
EndProject
Project("{2150E333-8FDC-42A3-9474-1A3956D46DE8}") = "Modele", "Modele", "{99B8CC3A-C9A6-461E-B1F8-AA83283B1846}"
EndProject
Project("{2150E333-8FDC-42A3-9474-1A3956D46DE8}") = "Servicii", "Servicii", "{01C038F6-869B-430A-BF78-91CD6197E12E}"
EndProject
Project("{2150E333-8FDC-42A3-9474-1A3956D46DE8}") = "Repositories", "Repositories", "{E17FC289-A595-4510-8648-F4D120DD3EA9}"
EndProject
Project("{FAE04EC0-301F-11D3-BF4B-00C04F79EFBC}") = "Modele.Excursie", "Model.Excursie\Modele.Excursie.csproj", "{9DE084C6-1366-4952-922F-90E9D3A9355B}"
EndProject
Project("{FAE04EC0-301F-11D3-BF4B-00C04F79EFBC}") = "Repositories.Excursie", "Repositories.Excursie\Repositories.Excursie.csproj", "{5D81EA39-0EDD-432F-B958-7167F02DBFF6}"
EndProject
Project("{FAE04EC0-301F-11D3-BF4B-00C04F79EFBC}") = "Servicii.Excursie", "Servicii.Excursie\Servicii.Excursie.csproj", "{7E948EE2-5DF1-4E97-9155-2D078FEB86CC}"
EndProject
Global
	GlobalSection(SolutionConfigurationPlatforms) = preSolution
		Debug|Any CPU = Debug|Any CPU
		Release|Any CPU = Release|Any CPU
	EndGlobalSection
	GlobalSection(ProjectConfigurationPlatforms) = postSolution
		{CA45AF01-69C5-44BA-B680-EA3352C6FA70}.Debug|Any CPU.ActiveCfg = Debug|Any CPU
		{CA45AF01-69C5-44BA-B680-EA3352C6FA70}.Debug|Any CPU.Build.0 = Debug|Any CPU
		{CA45AF01-69C5-44BA-B680-EA3352C6FA70}.Release|Any CPU.ActiveCfg = Release|Any CPU
		{CA45AF01-69C5-44BA-B680-EA3352C6FA70}.Release|Any CPU.Build.0 = Release|Any CPU
		{9DE084C6-1366-4952-922F-90E9D3A9355B}.Debug|Any CPU.ActiveCfg = Debug|Any CPU
		{9DE084C6-1366-4952-922F-90E9D3A9355B}.Debug|Any CPU.Build.0 = Debug|Any CPU
		{9DE084C6-1366-4952-922F-90E9D3A9355B}.Release|Any CPU.ActiveCfg = Release|Any CPU
		{9DE084C6-1366-4952-922F-90E9D3A9355B}.Release|Any CPU.Build.0 = Release|Any CPU
		{5D81EA39-0EDD-432F-B958-7167F02DBFF6}.Debug|Any CPU.ActiveCfg = Debug|Any CPU
		{5D81EA39-0EDD-432F-B958-7167F02DBFF6}.Debug|Any CPU.Build.0 = Debug|Any CPU
		{5D81EA39-0EDD-432F-B958-7167F02DBFF6}.Release|Any CPU.ActiveCfg = Release|Any CPU
		{5D81EA39-0EDD-432F-B958-7167F02DBFF6}.Release|Any CPU.Build.0 = Release|Any CPU
		{7E948EE2-5DF1-4E97-9155-2D078FEB86CC}.Debug|Any CPU.ActiveCfg = Debug|Any CPU
		{7E948EE2-5DF1-4E97-9155-2D078FEB86CC}.Debug|Any CPU.Build.0 = Debug|Any CPU
		{7E948EE2-5DF1-4E97-9155-2D078FEB86CC}.Release|Any CPU.ActiveCfg = Release|Any CPU
		{7E948EE2-5DF1-4E97-9155-2D078FEB86CC}.Release|Any CPU.Build.0 = Release|Any CPU
	EndGlobalSection
	GlobalSection(SolutionProperties) = preSolution
		HideSolutionNode = FALSE
	EndGlobalSection
	GlobalSection(NestedProjects) = preSolution
		{9DE084C6-1366-4952-922F-90E9D3A9355B} = {99B8CC3A-C9A6-461E-B1F8-AA83283B1846}
		{7E948EE2-5DF1-4E97-9155-2D078FEB86CC} = {01C038F6-869B-430A-BF78-91CD6197E12E}
		{5D81EA39-0EDD-432F-B958-7167F02DBFF6} = {E17FC289-A595-4510-8648-F4D120DD3EA9}
	EndGlobalSection
EndGlobal
